// !$*UTF8*$!
{
	archiveVersion = 1;
	classes = {
	};
	objectVersion = 46;
	objects = {

/* Begin PBXBuildFile section */
		A39A9A4F1B165D4100C5140D /* main.m in Sources */ = {isa = PBXBuildFile; fileRef = A39A9A4E1B165D4100C5140D /* main.m */; };
		A39A9A521B165D4100C5140D /* AppDelegate.m in Sources */ = {isa = PBXBuildFile; fileRef = A39A9A511B165D4100C5140D /* AppDelegate.m */; };
		A39A9A541B165D4100C5140D /* Homepwner-Prefix.pch in Resources */ = {isa = PBXBuildFile; fileRef = A39A9A531B165D4100C5140D /* Homepwner-Prefix.pch */; };
		A39A9A561B165D4100C5140D /* Images.xcassets in Resources */ = {isa = PBXBuildFile; fileRef = A39A9A551B165D4100C5140D /* Images.xcassets */; };
		A39A9A591B165D4100C5140D /* LaunchScreen.xib in Resources */ = {isa = PBXBuildFile; fileRef = A39A9A571B165D4100C5140D /* LaunchScreen.xib */; };
		A39A9A651B165D4200C5140D /* HomepwnerTests.m in Sources */ = {isa = PBXBuildFile; fileRef = A39A9A641B165D4200C5140D /* HomepwnerTests.m */; };
/* End PBXBuildFile section */

/* Begin PBXContainerItemProxy section */
		A39A9A5F1B165D4200C5140D /* PBXContainerItemProxy */ = {
			isa = PBXContainerItemProxy;
			containerPortal = A39A9A411B165D4100C5140D /* Project object */;
			proxyType = 1;
			remoteGlobalIDString = A39A9A481B165D4100C5140D;
			remoteInfo = Homepwner;
		};
/* End PBXContainerItemProxy section */

/* Begin PBXFileReference section */
		A39A9A491B165D4100C5140D /* Homepwner.app */ = {isa = PBXFileReference; explicitFileType = wrapper.application; includeInIndex = 0; path = Homepwner.app; sourceTree = BUILT_PRODUCTS_DIR; };
		A39A9A4D1B165D4100C5140D /* Info.plist */ = {isa = PBXFileReference; lastKnownFileType = text.plist.xml; path = Info.plist; sourceTree = "<group>"; };
		A39A9A4E1B165D4100C5140D /* main.m */ = {isa = PBXFileReference; lastKnownFileType = sourcecode.c.objc; path = main.m; sourceTree = "<group>"; };
		A39A9A501B165D4100C5140D /* AppDelegate.h */ = {isa = PBXFileReference; lastKnownFileType = sourcecode.c.h; path = AppDelegate.h; sourceTree = "<group>"; };
		A39A9A511B165D4100C5140D /* AppDelegate.m */ = {isa = PBXFileReference; lastKnownFileType = sourcecode.c.objc; path = AppDelegate.m; sourceTree = "<group>"; };
		A39A9A531B165D4100C5140D /* Homepwner-Prefix.pch */ = {isa = PBXFileReference; lastKnownFileType = sourcecode.c.h; path = "Homepwner-Prefix.pch"; sourceTree = "<group>"; };
		A39A9A551B165D4100C5140D /* Images.xcassets */ = {isa = PBXFileReference; lastKnownFileType = folder.assetcatalog; path = Images.xcassets; sourceTree = "<group>"; };
		A39A9A581B165D4100C5140D /* Base */ = {isa = PBXFileReference; lastKnownFileType = file.xib; name = Base; path = Base.lproj/LaunchScreen.xib; sourceTree = "<group>"; };
		A39A9A5E1B165D4200C5140D /* HomepwnerTests.xctest */ = {isa = PBXFileReference; explicitFileType = wrapper.cfbundle; includeInIndex = 0; path = HomepwnerTests.xctest; sourceTree = BUILT_PRODUCTS_DIR; };
		A39A9A631B165D4200C5140D /* Info.plist */ = {isa = PBXFileReference; lastKnownFileType = text.plist.xml; path = Info.plist; sourceTree = "<group>"; };
		A39A9A641B165D4200C5140D /* HomepwnerTests.m */ = {isa = PBXFileReference; lastKnownFileType = sourcecode.c.objc; path = HomepwnerTests.m; sourceTree = "<group>"; };
/* End PBXFileReference section */

/* Begin PBXFrameworksBuildPhase section */
		A39A9A461B165D4100C5140D /* Frameworks */ = {
			isa = PBXFrameworksBuildPhase;
			buildActionMask = 2147483647;
			files = (
			);
			runOnlyForDeploymentPostprocessing = 0;
		};
		A39A9A5B1B165D4200C5140D /* Frameworks */ = {
			isa = PBXFrameworksBuildPhase;
			buildActionMask = 2147483647;
			files = (
			);
			runOnlyForDeploymentPostprocessing = 0;
		};
/* End PBXFrameworksBuildPhase section */

/* Begin PBXGroup section */
		A39A9A401B165D4100C5140D = {
			isa = PBXGroup;
			children = (
				A39A9A4B1B165D4100C5140D /* Homepwner */,
				A39A9A611B165D4200C5140D /* HomepwnerTests */,
				A39A9A4A1B165D4100C5140D /* Products */,
			);
			sourceTree = "<group>";
		};
		A39A9A4A1B165D4100C5140D /* Products */ = {
			isa = PBXGroup;
			children = (
				A39A9A491B165D4100C5140D /* Homepwner.app */,
				A39A9A5E1B165D4200C5140D /* HomepwnerTests.xctest */,
			);
			name = Products;
			sourceTree = "<group>";
		};
		A39A9A4B1B165D4100C5140D /* Homepwner */ = {
			isa = PBXGroup;
			children = (
				A39A9A501B165D4100C5140D /* AppDelegate.h */,
				A39A9A511B165D4100C5140D /* AppDelegate.m */,
				A39A9A531B165D4100C5140D /* Homepwner-Prefix.pch */,
				A39A9A551B165D4100C5140D /* Images.xcassets */,
				A39A9A571B165D4100C5140D /* LaunchScreen.xib */,
				A39A9A4C1B165D4100C5140D /* Supporting Files */,
			);
			path = Homepwner;
			sourceTree = "<group>";
		};
		A39A9A4C1B165D4100C5140D /* Supporting Files */ = {
			isa = PBXGroup;
			children = (
				A39A9A4D1B165D4100C5140D /* Info.plist */,
				A39A9A4E1B165D4100C5140D /* main.m */,
			);
			name = "Supporting Files";
			sourceTree = "<group>";
		};
		A39A9A611B165D4200C5140D /* HomepwnerTests */ = {
			isa = PBXGroup;
			children = (
				A39A9A641B165D4200C5140D /* HomepwnerTests.m */,
				A39A9A621B165D4200C5140D /* Supporting Files */,
			);
			path = HomepwnerTests;
			sourceTree = "<group>";
		};
		A39A9A621B165D4200C5140D /* Supporting Files */ = {
			isa = PBXGroup;
			children = (
				A39A9A631B165D4200C5140D /* Info.plist */,
			);
			name = "Supporting Files";
			sourceTree = "<group>";
		};
/* End PBXGroup section */

/* Begin PBXNativeTarget section */
		A39A9A481B165D4100C5140D /* Homepwner */ = {
			isa = PBXNativeTarget;
			buildConfigurationList = A39A9A681B165D4200C5140D /* Build configuration list for PBXNativeTarget "Homepwner" */;
			buildPhases = (
				A39A9A451B165D4100C5140D /* Sources */,
				A39A9A461B165D4100C5140D /* Frameworks */,
				A39A9A471B165D4100C5140D /* Resources */,
			);
			buildRules = (
			);
			dependencies = (
			);
			name = Homepwner;
			productName = Homepwner;
			productReference = A39A9A491B165D4100C5140D /* Homepwner.app */;
			productType = "com.apple.product-type.application";
		};
		A39A9A5D1B165D4200C5140D /* HomepwnerTests */ = {
			isa = PBXNativeTarget;
			buildConfigurationList = A39A9A6B1B165D4200C5140D /* Build configuration list for PBXNativeTarget "HomepwnerTests" */;
			buildPhases = (
				A39A9A5A1B165D4200C5140D /* Sources */,
				A39A9A5B1B165D4200C5140D /* Frameworks */,
				A39A9A5C1B165D4200C5140D /* Resources */,
			);
			buildRules = (
			);
			dependencies = (
				A39A9A601B165D4200C5140D /* PBXTargetDependency */,
			);
			name = HomepwnerTests;
			productName = HomepwnerTests;
			productReference = A39A9A5E1B165D4200C5140D /* HomepwnerTests.xctest */;
			productType = "com.apple.product-type.bundle.unit-test";
		};
/* End PBXNativeTarget section */

/* Begin PBXProject section */
		A39A9A411B165D4100C5140D /* Project object */ = {
			isa = PBXProject;
			attributes = {
				LastUpgradeCheck = 0630;
				ORGANIZATIONNAME = Sunny;
				TargetAttributes = {
					A39A9A481B165D4100C5140D = {
						CreatedOnToolsVersion = 6.3.1;
					};
					A39A9A5D1B165D4200C5140D = {
						CreatedOnToolsVersion = 6.3.1;
						TestTargetID = A39A9A481B165D4100C5140D;
					};
				};
			};
			buildConfigurationList = A39A9A441B165D4100C5140D /* Build configuration list for PBXProject "Homepwner" */;
			compatibilityVersion = "Xcode 3.2";
			developmentRegion = English;
			hasScannedForEncodings = 0;
			knownRegions = (
				en,
				Base,
			);
			mainGroup = A39A9A401B165D4100C5140D;
			productRefGroup = A39A9A4A1B165D4100C5140D /* Products */;
			projectDirPath = "";
			projectRoot = "";
			targets = (
				A39A9A481B165D4100C5140D /* Homepwner */,
				A39A9A5D1B165D4200C5140D /* HomepwnerTests */,
			);
		};
/* End PBXProject section */

/* Begin PBXResourcesBuildPhase section */
		A39A9A471B165D4100C5140D /* Resources */ = {
			isa = PBXResourcesBuildPhase;
			buildActionMask = 2147483647;
			files = (
				A39A9A541B165D4100C5140D /* Homepwner-Prefix.pch in Resources */,
				A39A9A591B165D4100C5140D /* LaunchScreen.xib in Resources */,
				A39A9A561B165D4100C5140D /* Images.xcassets in Resources */,
			);
			runOnlyForDeploymentPostprocessing = 0;
		};
		A39A9A5C1B165D4200C5140D /* Resources */ = {
			isa = PBXResourcesBuildPhase;
			buildActionMask = 2147483647;
			files = (
			);
			runOnlyForDeploymentPostprocessing = 0;
		};
/* End PBXResourcesBuildPhase section */

/* Begin PBXSourcesBuildPhase section */
		A39A9A451B165D4100C5140D /* Sources */ = {
			isa = PBXSourcesBuildPhase;
			buildActionMask = 2147483647;
			files = (
				A39A9A521B165D4100C5140D /* AppDelegate.m in Sources */,
				A39A9A4F1B165D4100C5140D /* main.m in Sources */,
			);
			runOnlyForDeploymentPostprocessing = 0;
		};
		A39A9A5A1B165D4200C5140D /* Sources */ = {
			isa = PBXSourcesBuildPhase;
			buildActionMask = 2147483647;
			files = (
				A39A9A651B165D4200C5140D /* HomepwnerTests.m in Sources */,
			);
			runOnlyForDeploymentPostprocessing = 0;
		};
/* End PBXSourcesBuildPhase section */

/* Begin PBXTargetDependency section */
		A39A9A601B165D4200C5140D /* PBXTargetDependency */ = {
			isa = PBXTargetDependency;
			target = A39A9A481B165D4100C5140D /* Homepwner */;
			targetProxy = A39A9A5F1B165D4200C5140D /* PBXContainerItemProxy */;
		};
/* End PBXTargetDependency section */

/* Begin PBXVariantGroup section */
		A39A9A571B165D4100C5140D /* LaunchScreen.xib */ = {
			isa = PBXVariantGroup;
			children = (
				A39A9A581B165D4100C5140D /* Base */,
			);
			name = LaunchScreen.xib;
			sourceTree = "<group>";
		};
/* End PBXVariantGroup section */

/* Begin XCBuildConfiguration section */
		A39A9A661B165D4200C5140D /* Debug */ = {
			isa = XCBuildConfiguration;
			buildSettings = {
				ALWAYS_SEARCH_USER_PATHS = NO;
				CLANG_CXX_LANGUAGE_STANDARD = "gnu++0x";
				CLANG_CXX_LIBRARY = "libc++";
				CLANG_ENABLE_MODULES = YES;
				CLANG_ENABLE_OBJC_ARC = YES;
				CLANG_WARN_BOOL_CONVERSION = YES;
				CLANG_WARN_CONSTANT_CONVERSION = YES;
				CLANG_WARN_DIRECT_OBJC_ISA_USAGE = YES_ERROR;
				CLANG_WARN_EMPTY_BODY = YES;
				CLANG_WARN_ENUM_CONVERSION = YES;
				CLANG_WARN_INT_CONVERSION = YES;
				CLANG_WARN_OBJC_ROOT_CLASS = YES_ERROR;
				CLANG_WARN_UNREACHABLE_CODE = YES;
				CLANG_WARN__DUPLICATE_METHOD_MATCH = YES;
				"CODE_SIGN_IDENTITY[sdk=iphoneos*]" = "iPhone Developer";
				COPY_PHASE_STRIP = NO;
				DEBUG_INFORMATION_FORMAT = "dwarf-with-dsym";
				ENABLE_STRICT_OBJC_MSGSEND = YES;
				GCC_C_LANGUAGE_STANDARD = gnu99;
				GCC_DYNAMIC_NO_PIC = NO;
				GCC_NO_COMMON_BLOCKS = YES;
				GCC_OPTIMIZATION_LEVEL = 0;
				GCC_PREPROCESSOR_DEFINITIONS = (
					"DEBUG=1",
					"$(inherited)",
				);
				GCC_SYMBOLS_PRIVATE_EXTERN = NO;
				GCC_WARN_64_TO_32_BIT_CONVERSION = YES;
				GCC_WARN_ABOUT_RETURN_TYPE = YES_ERROR;
				GCC_WARN_UNDECLARED_SELECTOR = YES;
				GCC_WARN_UNINITIALIZED_AUTOS = YES_AGGRESSIVE;
				GCC_WARN_UNUSED_FUNCTION = YES;
				GCC_WARN_UNUSED_VARIABLE = YES;
				IPHONEOS_DEPLOYMENT_TARGET = 8.3;
				MTL_ENABLE_DEBUG_INFO = YES;
				ONLY_ACTIVE_ARCH = YES;
				SDKROOT = iphoneos;
			};
			name = Debug;
		};
		A39A9A671B165D4200C5140D /* Release */ = {
			isa = XCBuildConfiguration;
			buildSettings = {
				ALWAYS_SEARCH_USER_PATHS = NO;
				CLANG_CXX_LANGUAGE_STANDARD = "gnu++0x";
				CLANG_CXX_LIBRARY = "libc++";
				CLANG_ENABLE_MODULES = YES;
				CLANG_ENABLE_OBJC_ARC = YES;
				CLANG_WARN_BOOL_CONVERSION = YES;
				CLANG_WARN_CONSTANT_CONVERSION = YES;
				CLANG_WARN_DIRECT_OBJC_ISA_USAGE = YES_ERROR;
				CLANG_WARN_EMPTY_BODY = YES;
				CLANG_WARN_ENUM_CONVERSION = YES;
				CLANG_WARN_INT_CONVERSION = YES;
				CLANG_WARN_OBJC_ROOT_CLASS = YES_ERROR;
				CLANG_WARN_UNREACHABLE_CODE = YES;
				CLANG_WARN__DUPLICATE_METHOD_MATCH = YES;
				"CODE_SIGN_IDENTITY[sdk=iphoneos*]" = "iPhone Developer";
				COPY_PHASE_STRIP = NO;
				DEBUG_INFORMATION_FORMAT = "dwarf-with-dsym";
				ENABLE_NS_ASSERTIONS = NO;
				ENABLE_STRICT_OBJC_MSGSEND = YES;
				GCC_C_LANGUAGE_STANDARD = gnu99;
				GCC_NO_COMMON_BLOCKS = YES;
				GCC_WARN_64_TO_32_BIT_CONVERSION = YES;
				GCC_WARN_ABOUT_RETURN_TYPE = YES_ERROR;
				GCC_WARN_UNDECLARED_SELECTOR = YES;
				GCC_WARN_UNINITIALIZED_AUTOS = YES_AGGRESSIVE;
				GCC_WARN_UNUSED_FUNCTION = YES;
				GCC_WARN_UNUSED_VARIABLE = YES;
				IPHONEOS_DEPLOYMENT_TARGET = 8.3;
				MTL_ENABLE_DEBUG_INFO = NO;
				SDKROOT = iphoneos;
				VALIDATE_PRODUCT = YES;
			};
			name = Release;
		};
		A39A9A691B165D4200C5140D /* Debug */ = {
			isa = XCBuildConfiguration;
			buildSettings = {
				ASSETCATALOG_COMPILER_APPICON_NAME = AppIcon;
				INFOPLIST_FILE = Homepwner/Info.plist;
				LD_RUNPATH_SEARCH_PATHS = "$(inherited) @executable_path/Frameworks";
				PRODUCT_NAME = "$(TARGET_NAME)";
			};
			name = Debug;
		};
		A39A9A6A1B165D4200C5140D /* Release */ = {
			isa = XCBuildConfiguration;
			buildSettings = {
				ASSETCATALOG_COMPILER_APPICON_NAME = AppIcon;
				INFOPLIST_FILE = Homepwner/Info.plist;
				LD_RUNPATH_SEARCH_PATHS = "$(inherited) @executable_path/Frameworks";
				PRODUCT_NAME = "$(TARGET_NAME)";
			};
			name = Release;
		};
		A39A9A6C1B165D4200C5140D /* Debug */ = {
			isa = XCBuildConfiguration;
			buildSettings = {
				BUNDLE_LOADER = "$(TEST_HOST)";
				FRAMEWORK_SEARCH_PATHS = (
					"$(SDKROOT)/Developer/Library/Frameworks",
					"$(inherited)",
				);
				GCC_PREPROCESSOR_DEFINITIONS = (
					"DEBUG=1",
					"$(inherited)",
				);
				INFOPLIST_FILE = HomepwnerTests/Info.plist;
				LD_RUNPATH_SEARCH_PATHS = "$(inherited) @executable_path/Frameworks @loader_path/Frameworks";
				PRODUCT_NAME = "$(TARGET_NAME)";
				TEST_HOST = "$(BUILT_PRODUCTS_DIR)/Homepwner.app/Homepwner";
			};
			name = Debug;
		};
		A39A9A6D1B165D4200C5140D /* Release */ = {
			isa = XCBuildConfiguration;
			buildSettings = {
				BUNDLE_LOADER = "$(TEST_HOST)";
				FRAMEWORK_SEARCH_PATHS = (
					"$(SDKROOT)/Developer/Library/Frameworks",
					"$(inherited)",
				);
				INFOPLIST_FILE = HomepwnerTests/Info.plist;
				LD_RUNPATH_SEARCH_PATHS = "$(inherited) @executable_path/Frameworks @loader_path/Frameworks";
				PRODUCT_NAME = "$(TARGET_NAME)";
				TEST_HOST = "$(BUILT_PRODUCTS_DIR)/Homepwner.app/Homepwner";
			};
			name = Release;
		};
/* End XCBuildConfiguration section */

/* Begin XCConfigurationList section */
		A39A9A441B165D4100C5140D /* Build configuration list for PBXProject "Homepwner" */ = {
			isa = XCConfigurationList;
			buildConfigurations = (
				A39A9A661B165D4200C5140D /* Debug */,
				A39A9A671B165D4200C5140D /* Release */,
			);
			defaultConfigurationIsVisible = 0;
			defaultConfigurationName = Release;
		};
		A39A9A681B165D4200C5140D /* Build configuration list for PBXNativeTarget "Homepwner" */ = {
			isa = XCConfigurationList;
			buildConfigurations = (
				A39A9A691B165D4200C5140D /* Debug */,
				A39A9A6A1B165D4200C5140D /* Release */,
			);
			defaultConfigurationIsVisible = 0;
		};
		A39A9A6B1B165D4200C5140D /* Build configuration list for PBXNativeTarget "HomepwnerTests" */ = {
			isa = XCConfigurationList;
			buildConfigurations = (
				A39A9A6C1B165D4200C5140D /* Debug */,
				A39A9A6D1B165D4200C5140D /* Release */,
			);
			defaultConfigurationIsVisible = 0;
		};
/* End XCConfigurationList section */
	};
	rootObject = A39A9A411B165D4100C5140D /* Project object */;
}
